
Microsoft Visual Studio Solution File, Format Version 12.00
# Visual Studio 14
VisualStudioVersion = 14.0.24720.0
MinimumVisualStudioVersion = 10.0.40219.1
Project("{FAE04EC0-301F-11D3-BF4B-00C04F79EFBC}") = "kub-app", "kub-app\kub-app.csproj", "{BCD12155-E6C7-4318-86DA-13EF25721410}"
EndProject
Global
	GlobalSection(SolutionConfigurationPlatforms) = preSolution
		Debug|Any CPU = Debug|Any CPU
		Release|Any CPU = Release|Any CPU
	EndGlobalSection
	GlobalSection(ProjectConfigurationPlatforms) = postSolution
		{BCD12155-E6C7-4318-86DA-13EF25721410}.Debug|Any CPU.ActiveCfg = Debug|Any CPU
		{BCD12155-E6C7-4318-86DA-13EF25721410}.Debug|Any CPU.Build.0 = Debug|Any CPU
		{BCD12155-E6C7-4318-86DA-13EF25721410}.Release|Any CPU.ActiveCfg = Release|Any CPU
		{BCD12155-E6C7-4318-86DA-13EF25721410}.Release|Any CPU.Build.0 = Release|Any CPU
	EndGlobalSection
	GlobalSection(SolutionProperties) = preSolution
		HideSolutionNode = FALSE
	EndGlobalSection
EndGlobal
